// !$*UTF8*$!
{
	archiveVersion = 1;
	classes = {
	};
	objectVersion = 48;
	objects = {

/* Begin PBXBuildFile section */
		585FA88F1FF883280052CCD5 /* AppDelegate.swift in Sources */ = {isa = PBXBuildFile; fileRef = 585FA88E1FF883280052CCD5 /* AppDelegate.swift */; };
		585FA8911FF883280052CCD5 /* FormularioViewController.swift in Sources */ = {isa = PBXBuildFile; fileRef = 585FA8901FF883280052CCD5 /* FormularioViewController.swift */; };
		585FA8941FF883280052CCD5 /* Main.storyboard in Resources */ = {isa = PBXBuildFile; fileRef = 585FA8921FF883280052CCD5 /* Main.storyboard */; };
		585FA8971FF883280052CCD5 /* IP67_Swift4.xcdatamodeld in Sources */ = {isa = PBXBuildFile; fileRef = 585FA8951FF883280052CCD5 /* IP67_Swift4.xcdatamodeld */; };
		585FA8991FF883280052CCD5 /* Assets.xcassets in Resources */ = {isa = PBXBuildFile; fileRef = 585FA8981FF883280052CCD5 /* Assets.xcassets */; };
		585FA89C1FF883280052CCD5 /* LaunchScreen.storyboard in Resources */ = {isa = PBXBuildFile; fileRef = 585FA89A1FF883280052CCD5 /* LaunchScreen.storyboard */; };
		585FA8A71FF8906D0052CCD5 /* ListagemViewController.swift in Sources */ = {isa = PBXBuildFile; fileRef = 585FA8A61FF8906D0052CCD5 /* ListagemViewController.swift */; };
		585FA8AA1FF8908E0052CCD5 /* MapaViewController.swift in Sources */ = {isa = PBXBuildFile; fileRef = 585FA8A91FF8908E0052CCD5 /* MapaViewController.swift */; };
		585FA8AE1FF891A80052CCD5 /* Contato.swift in Sources */ = {isa = PBXBuildFile; fileRef = 585FA8AD1FF891A80052CCD5 /* Contato.swift */; };
		585FA8B11FF892780052CCD5 /* ContatoDao.swift in Sources */ = {isa = PBXBuildFile; fileRef = 585FA8B01FF892780052CCD5 /* ContatoDao.swift */; };
		585FA8B41FF89D830052CCD5 /* ContatoDelegate.swift in Sources */ = {isa = PBXBuildFile; fileRef = 585FA8B31FF89D830052CCD5 /* ContatoDelegate.swift */; };
/* End PBXBuildFile section */

/* Begin PBXFileReference section */
		585FA88B1FF883280052CCD5 /* IP67-Swift4.app */ = {isa = PBXFileReference; explicitFileType = wrapper.application; includeInIndex = 0; path = "IP67-Swift4.app"; sourceTree = BUILT_PRODUCTS_DIR; };
		585FA88E1FF883280052CCD5 /* AppDelegate.swift */ = {isa = PBXFileReference; lastKnownFileType = sourcecode.swift; path = AppDelegate.swift; sourceTree = "<group>"; };
		585FA8901FF883280052CCD5 /* FormularioViewController.swift */ = {isa = PBXFileReference; lastKnownFileType = sourcecode.swift; path = FormularioViewController.swift; sourceTree = "<group>"; };
		585FA8931FF883280052CCD5 /* Base */ = {isa = PBXFileReference; lastKnownFileType = file.storyboard; name = Base; path = Base.lproj/Main.storyboard; sourceTree = "<group>"; };
		585FA8961FF883280052CCD5 /* IP67_Swift4.xcdatamodel */ = {isa = PBXFileReference; lastKnownFileType = wrapper.xcdatamodel; path = IP67_Swift4.xcdatamodel; sourceTree = "<group>"; };
		585FA8981FF883280052CCD5 /* Assets.xcassets */ = {isa = PBXFileReference; lastKnownFileType = folder.assetcatalog; path = Assets.xcassets; sourceTree = "<group>"; };
		585FA89B1FF883280052CCD5 /* Base */ = {isa = PBXFileReference; lastKnownFileType = file.storyboard; name = Base; path = Base.lproj/LaunchScreen.storyboard; sourceTree = "<group>"; };
		585FA89D1FF883280052CCD5 /* Info.plist */ = {isa = PBXFileReference; lastKnownFileType = text.plist.xml; path = Info.plist; sourceTree = "<group>"; };
		585FA8A61FF8906D0052CCD5 /* ListagemViewController.swift */ = {isa = PBXFileReference; lastKnownFileType = sourcecode.swift; path = ListagemViewController.swift; sourceTree = "<group>"; };
		585FA8A91FF8908E0052CCD5 /* MapaViewController.swift */ = {isa = PBXFileReference; lastKnownFileType = sourcecode.swift; path = MapaViewController.swift; sourceTree = "<group>"; };
		585FA8AD1FF891A80052CCD5 /* Contato.swift */ = {isa = PBXFileReference; lastKnownFileType = sourcecode.swift; path = Contato.swift; sourceTree = "<group>"; };
		585FA8B01FF892780052CCD5 /* ContatoDao.swift */ = {isa = PBXFileReference; lastKnownFileType = sourcecode.swift; path = ContatoDao.swift; sourceTree = "<group>"; };
		585FA8B31FF89D830052CCD5 /* ContatoDelegate.swift */ = {isa = PBXFileReference; lastKnownFileType = sourcecode.swift; path = ContatoDelegate.swift; sourceTree = "<group>"; };
/* End PBXFileReference section */

/* Begin PBXFrameworksBuildPhase section */
		585FA8881FF883280052CCD5 /* Frameworks */ = {
			isa = PBXFrameworksBuildPhase;
			buildActionMask = 2147483647;
			files = (
			);
			runOnlyForDeploymentPostprocessing = 0;
		};
/* End PBXFrameworksBuildPhase section */

/* Begin PBXGroup section */
		585FA8821FF883280052CCD5 = {
			isa = PBXGroup;
			children = (
				585FA88D1FF883280052CCD5 /* IP67-Swift4 */,
				585FA88C1FF883280052CCD5 /* Products */,
			);
			sourceTree = "<group>";
		};
		585FA88C1FF883280052CCD5 /* Products */ = {
			isa = PBXGroup;
			children = (
				585FA88B1FF883280052CCD5 /* IP67-Swift4.app */,
			);
			name = Products;
			sourceTree = "<group>";
		};
		585FA88D1FF883280052CCD5 /* IP67-Swift4 */ = {
			isa = PBXGroup;
			children = (
				585FA8B21FF89D740052CCD5 /* Protocolos */,
				585FA8AF1FF892700052CCD5 /* Dao */,
				585FA8AC1FF8919D0052CCD5 /* Modelos */,
				585FA8AB1FF891860052CCD5 /* Controllers */,
				585FA88E1FF883280052CCD5 /* AppDelegate.swift */,
				585FA8921FF883280052CCD5 /* Main.storyboard */,
				585FA8981FF883280052CCD5 /* Assets.xcassets */,
				585FA89A1FF883280052CCD5 /* LaunchScreen.storyboard */,
				585FA89D1FF883280052CCD5 /* Info.plist */,
				585FA8951FF883280052CCD5 /* IP67_Swift4.xcdatamodeld */,
			);
			path = "IP67-Swift4";
			sourceTree = "<group>";
		};
		585FA8A31FF890440052CCD5 /* Formulario */ = {
			isa = PBXGroup;
			children = (
				585FA8901FF883280052CCD5 /* FormularioViewController.swift */,
			);
			path = Formulario;
			sourceTree = "<group>";
		};
		585FA8A41FF8904C0052CCD5 /* Listagem */ = {
			isa = PBXGroup;
			children = (
				585FA8A61FF8906D0052CCD5 /* ListagemViewController.swift */,
			);
			path = Listagem;
			sourceTree = "<group>";
		};
		585FA8A51FF890560052CCD5 /* Mapa */ = {
			isa = PBXGroup;
			children = (
				585FA8A91FF8908E0052CCD5 /* MapaViewController.swift */,
			);
			path = Mapa;
			sourceTree = "<group>";
		};
		585FA8AB1FF891860052CCD5 /* Controllers */ = {
			isa = PBXGroup;
			children = (
				585FA8A51FF890560052CCD5 /* Mapa */,
				585FA8A41FF8904C0052CCD5 /* Listagem */,
				585FA8A31FF890440052CCD5 /* Formulario */,
			);
			path = Controllers;
			sourceTree = "<group>";
		};
		585FA8AC1FF8919D0052CCD5 /* Modelos */ = {
			isa = PBXGroup;
			children = (
				585FA8AD1FF891A80052CCD5 /* Contato.swift */,
			);
			path = Modelos;
			sourceTree = "<group>";
		};
		585FA8AF1FF892700052CCD5 /* Dao */ = {
			isa = PBXGroup;
			children = (
				585FA8B01FF892780052CCD5 /* ContatoDao.swift */,
			);
			path = Dao;
			sourceTree = "<group>";
		};
		585FA8B21FF89D740052CCD5 /* Protocolos */ = {
			isa = PBXGroup;
			children = (
				585FA8B31FF89D830052CCD5 /* ContatoDelegate.swift */,
			);
			path = Protocolos;
			sourceTree = "<group>";
		};
/* End PBXGroup section */

/* Begin PBXNativeTarget section */
		585FA88A1FF883280052CCD5 /* IP67-Swift4 */ = {
			isa = PBXNativeTarget;
			buildConfigurationList = 585FA8A01FF883280052CCD5 /* Build configuration list for PBXNativeTarget "IP67-Swift4" */;
			buildPhases = (
				585FA8871FF883280052CCD5 /* Sources */,
				585FA8881FF883280052CCD5 /* Frameworks */,
				585FA8891FF883280052CCD5 /* Resources */,
			);
			buildRules = (
			);
			dependencies = (
			);
			name = "IP67-Swift4";
			productName = "IP67-Swift4";
			productReference = 585FA88B1FF883280052CCD5 /* IP67-Swift4.app */;
			productType = "com.apple.product-type.application";
		};
/* End PBXNativeTarget section */

/* Begin PBXProject section */
		585FA8831FF883280052CCD5 /* Project object */ = {
			isa = PBXProject;
			attributes = {
				LastSwiftUpdateCheck = 0920;
				LastUpgradeCheck = 0920;
				ORGANIZATIONNAME = Nando;
				TargetAttributes = {
					585FA88A1FF883280052CCD5 = {
						CreatedOnToolsVersion = 9.2;
						ProvisioningStyle = Automatic;
					};
				};
			};
			buildConfigurationList = 585FA8861FF883280052CCD5 /* Build configuration list for PBXProject "IP67-Swift4" */;
			compatibilityVersion = "Xcode 8.0";
			developmentRegion = en;
			hasScannedForEncodings = 0;
			knownRegions = (
				en,
				Base,
			);
			mainGroup = 585FA8821FF883280052CCD5;
			productRefGroup = 585FA88C1FF883280052CCD5 /* Products */;
			projectDirPath = "";
			projectRoot = "";
			targets = (
				585FA88A1FF883280052CCD5 /* IP67-Swift4 */,
			);
		};
/* End PBXProject section */

/* Begin PBXResourcesBuildPhase section */
		585FA8891FF883280052CCD5 /* Resources */ = {
			isa = PBXResourcesBuildPhase;
			buildActionMask = 2147483647;
			files = (
				585FA89C1FF883280052CCD5 /* LaunchScreen.storyboard in Resources */,
				585FA8991FF883280052CCD5 /* Assets.xcassets in Resources */,
				585FA8941FF883280052CCD5 /* Main.storyboard in Resources */,
			);
			runOnlyForDeploymentPostprocessing = 0;
		};
/* End PBXResourcesBuildPhase section */

/* Begin PBXSourcesBuildPhase section */
		585FA8871FF883280052CCD5 /* Sources */ = {
			isa = PBXSourcesBuildPhase;
			buildActionMask = 2147483647;
			files = (
				585FA8AE1FF891A80052CCD5 /* Contato.swift in Sources */,
				585FA8A71FF8906D0052CCD5 /* ListagemViewController.swift in Sources */,
				585FA8911FF883280052CCD5 /* FormularioViewController.swift in Sources */,
				585FA8B41FF89D830052CCD5 /* ContatoDelegate.swift in Sources */,
				585FA8AA1FF8908E0052CCD5 /* MapaViewController.swift in Sources */,
				585FA8971FF883280052CCD5 /* IP67_Swift4.xcdatamodeld in Sources */,
				585FA8B11FF892780052CCD5 /* ContatoDao.swift in Sources */,
				585FA88F1FF883280052CCD5 /* AppDelegate.swift in Sources */,
			);
			runOnlyForDeploymentPostprocessing = 0;
		};
/* End PBXSourcesBuildPhase section */

/* Begin PBXVariantGroup section */
		585FA8921FF883280052CCD5 /* Main.storyboard */ = {
			isa = PBXVariantGroup;
			children = (
				585FA8931FF883280052CCD5 /* Base */,
			);
			name = Main.storyboard;
			sourceTree = "<group>";
		};
		585FA89A1FF883280052CCD5 /* LaunchScreen.storyboard */ = {
			isa = PBXVariantGroup;
			children = (
				585FA89B1FF883280052CCD5 /* Base */,
			);
			name = LaunchScreen.storyboard;
			sourceTree = "<group>";
		};
/* End PBXVariantGroup section */

/* Begin XCBuildConfiguration section */
		585FA89E1FF883280052CCD5 /* Debug */ = {
			isa = XCBuildConfiguration;
			buildSettings = {
				ALWAYS_SEARCH_USER_PATHS = NO;
				CLANG_ANALYZER_NONNULL = YES;
				CLANG_ANALYZER_NUMBER_OBJECT_CONVERSION = YES_AGGRESSIVE;
				CLANG_CXX_LANGUAGE_STANDARD = "gnu++14";
				CLANG_CXX_LIBRARY = "libc++";
				CLANG_ENABLE_MODULES = YES;
				CLANG_ENABLE_OBJC_ARC = YES;
				CLANG_WARN_BLOCK_CAPTURE_AUTORELEASING = YES;
				CLANG_WARN_BOOL_CONVERSION = YES;
				CLANG_WARN_COMMA = YES;
				CLANG_WARN_CONSTANT_CONVERSION = YES;
				CLANG_WARN_DIRECT_OBJC_ISA_USAGE = YES_ERROR;
				CLANG_WARN_DOCUMENTATION_COMMENTS = YES;
				CLANG_WARN_EMPTY_BODY = YES;
				CLANG_WARN_ENUM_CONVERSION = YES;
				CLANG_WARN_INFINITE_RECURSION = YES;
				CLANG_WARN_INT_CONVERSION = YES;
				CLANG_WARN_NON_LITERAL_NULL_CONVERSION = YES;
				CLANG_WARN_OBJC_LITERAL_CONVERSION = YES;
				CLANG_WARN_OBJC_ROOT_CLASS = YES_ERROR;
				CLANG_WARN_RANGE_LOOP_ANALYSIS = YES;
				CLANG_WARN_STRICT_PROTOTYPES = YES;
				CLANG_WARN_SUSPICIOUS_MOVE = YES;
				CLANG_WARN_UNGUARDED_AVAILABILITY = YES_AGGRESSIVE;
				CLANG_WARN_UNREACHABLE_CODE = YES;
				CLANG_WARN__DUPLICATE_METHOD_MATCH = YES;
				CODE_SIGN_IDENTITY = "iPhone Developer";
				COPY_PHASE_STRIP = NO;
				DEBUG_INFORMATION_FORMAT = dwarf;
				ENABLE_STRICT_OBJC_MSGSEND = YES;
				ENABLE_TESTABILITY = YES;
				GCC_C_LANGUAGE_STANDARD = gnu11;
				GCC_DYNAMIC_NO_PIC = NO;
				GCC_NO_COMMON_BLOCKS = YES;
				GCC_OPTIMIZATION_LEVEL = 0;
				GCC_PREPROCESSOR_DEFINITIONS = (
					"DEBUG=1",
					"$(inherited)",
				);
				GCC_WARN_64_TO_32_BIT_CONVERSION = YES;
				GCC_WARN_ABOUT_RETURN_TYPE = YES_ERROR;
				GCC_WARN_UNDECLARED_SELECTOR = YES;
				GCC_WARN_UNINITIALIZED_AUTOS = YES_AGGRESSIVE;
				GCC_WARN_UNUSED_FUNCTION = YES;
				GCC_WARN_UNUSED_VARIABLE = YES;
				IPHONEOS_DEPLOYMENT_TARGET = 11.2;
				MTL_ENABLE_DEBUG_INFO = YES;
				ONLY_ACTIVE_ARCH = YES;
				SDKROOT = iphoneos;
				SWIFT_ACTIVE_COMPILATION_CONDITIONS = DEBUG;
				SWIFT_OPTIMIZATION_LEVEL = "-Onone";
			};
			name = Debug;
		};
		585FA89F1FF883280052CCD5 /* Release */ = {
			isa = XCBuildConfiguration;
			buildSettings = {
				ALWAYS_SEARCH_USER_PATHS = NO;
				CLANG_ANALYZER_NONNULL = YES;
				CLANG_ANALYZER_NUMBER_OBJECT_CONVERSION = YES_AGGRESSIVE;
				CLANG_CXX_LANGUAGE_STANDARD = "gnu++14";
				CLANG_CXX_LIBRARY = "libc++";
				CLANG_ENABLE_MODULES = YES;
				CLANG_ENABLE_OBJC_ARC = YES;
				CLANG_WARN_BLOCK_CAPTURE_AUTORELEASING = YES;
				CLANG_WARN_BOOL_CONVERSION = YES;
				CLANG_WARN_COMMA = YES;
				CLANG_WARN_CONSTANT_CONVERSION = YES;
				CLANG_WARN_DIRECT_OBJC_ISA_USAGE = YES_ERROR;
				CLANG_WARN_DOCUMENTATION_COMMENTS = YES;
				CLANG_WARN_EMPTY_BODY = YES;
				CLANG_WARN_ENUM_CONVERSION = YES;
				CLANG_WARN_INFINITE_RECURSION = YES;
				CLANG_WARN_INT_CONVERSION = YES;
				CLANG_WARN_NON_LITERAL_NULL_CONVERSION = YES;
				CLANG_WARN_OBJC_LITERAL_CONVERSION = YES;
				CLANG_WARN_OBJC_ROOT_CLASS = YES_ERROR;
				CLANG_WARN_RANGE_LOOP_ANALYSIS = YES;
				CLANG_WARN_STRICT_PROTOTYPES = YES;
				CLANG_WARN_SUSPICIOUS_MOVE = YES;
				CLANG_WARN_UNGUARDED_AVAILABILITY = YES_AGGRESSIVE;
				CLANG_WARN_UNREACHABLE_CODE = YES;
				CLANG_WARN__DUPLICATE_METHOD_MATCH = YES;
				CODE_SIGN_IDENTITY = "iPhone Developer";
				COPY_PHASE_STRIP = NO;
				DEBUG_INFORMATION_FORMAT = "dwarf-with-dsym";
				ENABLE_NS_ASSERTIONS = NO;
				ENABLE_STRICT_OBJC_MSGSEND = YES;
				GCC_C_LANGUAGE_STANDARD = gnu11;
				GCC_NO_COMMON_BLOCKS = YES;
				GCC_WARN_64_TO_32_BIT_CONVERSION = YES;
				GCC_WARN_ABOUT_RETURN_TYPE = YES_ERROR;
				GCC_WARN_UNDECLARED_SELECTOR = YES;
				GCC_WARN_UNINITIALIZED_AUTOS = YES_AGGRESSIVE;
				GCC_WARN_UNUSED_FUNCTION = YES;
				GCC_WARN_UNUSED_VARIABLE = YES;
				IPHONEOS_DEPLOYMENT_TARGET = 11.2;
				MTL_ENABLE_DEBUG_INFO = NO;
				SDKROOT = iphoneos;
				SWIFT_OPTIMIZATION_LEVEL = "-Owholemodule";
				VALIDATE_PRODUCT = YES;
			};
			name = Release;
		};
		585FA8A11FF883280052CCD5 /* Debug */ = {
			isa = XCBuildConfiguration;
			buildSettings = {
				ASSETCATALOG_COMPILER_APPICON_NAME = AppIcon;
				CODE_SIGN_STYLE = Automatic;
				DEVELOPMENT_TEAM = K7WGQE7296;
				INFOPLIST_FILE = "IP67-Swift4/Info.plist";
				LD_RUNPATH_SEARCH_PATHS = "$(inherited) @executable_path/Frameworks";
				PRODUCT_BUNDLE_IDENTIFIER = "br.com.caelum.IP67-Swift4";
				PRODUCT_NAME = "$(TARGET_NAME)";
				SWIFT_VERSION = 4.0;
				TARGETED_DEVICE_FAMILY = "1,2";
			};
			name = Debug;
		};
		585FA8A21FF883280052CCD5 /* Release */ = {
			isa = XCBuildConfiguration;
			buildSettings = {
				ASSETCATALOG_COMPILER_APPICON_NAME = AppIcon;
				CODE_SIGN_STYLE = Automatic;
				DEVELOPMENT_TEAM = K7WGQE7296;
				INFOPLIST_FILE = "IP67-Swift4/Info.plist";
				LD_RUNPATH_SEARCH_PATHS = "$(inherited) @executable_path/Frameworks";
				PRODUCT_BUNDLE_IDENTIFIER = "br.com.caelum.IP67-Swift4";
				PRODUCT_NAME = "$(TARGET_NAME)";
				SWIFT_VERSION = 4.0;
				TARGETED_DEVICE_FAMILY = "1,2";
			};
			name = Release;
		};
/* End XCBuildConfiguration section */

/* Begin XCConfigurationList section */
		585FA8861FF883280052CCD5 /* Build configuration list for PBXProject "IP67-Swift4" */ = {
			isa = XCConfigurationList;
			buildConfigurations = (
				585FA89E1FF883280052CCD5 /* Debug */,
				585FA89F1FF883280052CCD5 /* Release */,
			);
			defaultConfigurationIsVisible = 0;
			defaultConfigurationName = Release;
		};
		585FA8A01FF883280052CCD5 /* Build configuration list for PBXNativeTarget "IP67-Swift4" */ = {
			isa = XCConfigurationList;
			buildConfigurations = (
				585FA8A11FF883280052CCD5 /* Debug */,
				585FA8A21FF883280052CCD5 /* Release */,
			);
			defaultConfigurationIsVisible = 0;
			defaultConfigurationName = Release;
		};
/* End XCConfigurationList section */

/* Begin XCVersionGroup section */
		585FA8951FF883280052CCD5 /* IP67_Swift4.xcdatamodeld */ = {
			isa = XCVersionGroup;
			children = (
				585FA8961FF883280052CCD5 /* IP67_Swift4.xcdatamodel */,
			);
			currentVersion = 585FA8961FF883280052CCD5 /* IP67_Swift4.xcdatamodel */;
			path = IP67_Swift4.xcdatamodeld;
			sourceTree = "<group>";
			versionGroupType = wrapper.xcdatamodel;
		};
/* End XCVersionGroup section */
	};
	rootObject = 585FA8831FF883280052CCD5 /* Project object */;
}
